# THIS IS AN AUTOGENERATED FILE. DO NOT EDIT THIS FILE DIRECTLY.
# yarn lockfile v1


"@oxlint/darwin-arm64@1.5.0":
  version "1.5.0"
  resolved "https://registry.yarnpkg.com/@oxlint/darwin-arm64/-/darwin-arm64-1.5.0.tgz#e259adb652ac6641e1594454c662cf88e5004727"
  integrity sha512-CxzOtmOwQfaXXwAAJzPInNHhzldMeFsga7oe9mUp5bYIa/mm/Aqs0lxyAP9RZXoxaUHJTbfJovSsl6PU6gbCHw==

"@oxlint/darwin-x64@1.5.0":
  version "1.5.0"
  resolved "https://registry.yarnpkg.com/@oxlint/darwin-x64/-/darwin-x64-1.5.0.tgz#4afe8a2e8b15a70deda15b379f3b69829563da01"
  integrity sha512-awD5yNGIRy2DrfzbrfeTSjZ+ITKr9+FGGvufquAB7kzfveFZNa621FpmCJ8MQY8hzXFD99iP7ClMNbaCzDfV/g==

"@oxlint/linux-arm64-gnu@1.5.0":
  version "1.5.0"
  resolved "https://registry.yarnpkg.com/@oxlint/linux-arm64-gnu/-/linux-arm64-gnu-1.5.0.tgz#387bc9c644a4b4678fea0fab7d34682bc77d6f40"
  integrity sha512-Nr8oUAEo20WIBo/qi76dBo5IGw2bQcl7d2YbaigOSQoAGfHR9xE9hAySYhIsnv7W0jtAZu1YTn0So7Tg0idExw==

"@oxlint/linux-arm64-musl@1.5.0":
  version "1.5.0"
  resolved "https://registry.yarnpkg.com/@oxlint/linux-arm64-musl/-/linux-arm64-musl-1.5.0.tgz#c05fb3f276d2c928c5b746138bd0dbe5f6f857b1"
  integrity sha512-H2MBL0LZnl3GP09r12tFfcv3Y2fvetMD1TYbf5cetYCQ7hG7aIYTsuOTENjZ0SDK+L9Id35YWFNP3YES+3tsgw==

"@oxlint/linux-x64-gnu@1.5.0":
  version "1.5.0"
  resolved "https://registry.yarnpkg.com/@oxlint/linux-x64-gnu/-/linux-x64-gnu-1.5.0.tgz#9d587368f5ed9e618cd1e63c56f70a089269bf5f"
  integrity sha512-pRu77WJ+Uy0l6OkCjljnHuzOlSbMsN1mFDeAyzh8R69O44Mc2C7f1Fe+fbbW2kjgIwFQq8JkUffvPWr1MCMa+A==

"@oxlint/linux-x64-musl@1.5.0":
  version "1.5.0"
  resolved "https://registry.yarnpkg.com/@oxlint/linux-x64-musl/-/linux-x64-musl-1.5.0.tgz#02597823327fd9341043541c3b76d4b1923d6542"
  integrity sha512-qHG2YR+06pEAF4Gfp3T8hSaiI/IchdbuditnnVYxy32pN43vNMVDO7fU5hnNzJpxh6HozAD3uRrskBNvxgeSrQ==

"@oxlint/win32-arm64@1.5.0":
  version "1.5.0"
  resolved "https://registry.yarnpkg.com/@oxlint/win32-arm64/-/win32-arm64-1.5.0.tgz#0aef142f39cfac972cd4531eece16e9edac248ca"
  integrity sha512-/YRDPf1sPCF6B026buZTvh1vOF/pS+75aBDnxrDWIFhP1w3flqcI9v5QVjtq/sOZEWAoP2ee46CrxcxK5UuYag==

"@oxlint/win32-x64@1.5.0":
  version "1.5.0"
  resolved "https://registry.yarnpkg.com/@oxlint/win32-x64/-/win32-x64-1.5.0.tgz#a0e9d2e26ae33ba80c78c20133ae742b5bf53e65"
  integrity sha512-4HmkdYgDmejTxXESV1EBXd0zFLsoNJad+VrWZizzpTCmBnWEL5+tueEmEBBb4F55/sFZt8bdD//RbaTM9aOQJA==

oxlint@^1.5.0:
  version "1.5.0"
  resolved "https://registry.yarnpkg.com/oxlint/-/oxlint-1.5.0.tgz#1df3429cb6dedab06aca52eb65342bc932bc5ee5"
  integrity sha512-Oh48XZy6BY2jE9xKwN4DjwpK/l7LOUHfPJsZ/rUKudWN1RXHXBnJkubsgIHlfTwWJGYJU2LAlyXKZcE46mD4OQ==
  optionalDependencies:
    "@oxlint/darwin-arm64" "1.5.0"
    "@oxlint/darwin-x64" "1.5.0"
    "@oxlint/linux-arm64-gnu" "1.5.0"
    "@oxlint/linux-arm64-musl" "1.5.0"
    "@oxlint/linux-x64-gnu" "1.5.0"
    "@oxlint/linux-x64-musl" "1.5.0"
    "@oxlint/win32-arm64" "1.5.0"
    "@oxlint/win32-x64" "1.5.0"
